
Microsoft Visual Studio Solution File, Format Version 12.00
# Visual Studio Version 17
VisualStudioVersion = 17.14.36511.14
MinimumVisualStudioVersion = 10.0.40219.1
Project("{8BC9CEB8-8B4A-11D0-8D11-00A0C91BC942}") = "MCPatcher", "MCPatcher\MCPatcher.vcxproj", "{5A71B5AA-082E-4E08-91FE-D59C81E5B12C}"
EndProject
Project("{8BC9CEB8-8B4A-11D0-8D11-00A0C91BC942}") = "MCpatcher2", "MCpatcher2\MCpatcher2.vcxproj", "{542693F4-E59A-43FA-89BA-8D8269FB9031}"
EndProject
Project("{8BC9CEB8-8B4A-11D0-8D11-00A0C91BC942}") = "injector", "injector\injector.vcxproj", "{DA907A28-8160-4F30-A043-AF3F3E2372FE}"
EndProject
Project("{8BC9CEB8-8B4A-11D0-8D11-00A0C91BC942}") = "FileCopy", "FileCopy\FileCopy.vcxproj", "{DDBBFFA7-853C-49DB-AB06-43B65B5DD073}"
EndProject
Project("{8BC9CEB8-8B4A-11D0-8D11-00A0C91BC942}") = "ServiceInstall", "ServiceInstall\ServiceInstall.vcxproj", "{7F084D43-E240-4D23-A584-5EA2B6D9E72E}"
EndProject
Project("{8BC9CEB8-8B4A-11D0-8D11-00A0C91BC942}") = "injectorservice", "injectorservice\injectorservice.vcxproj", "{58734AD6-4BF3-43B3-A896-5FE3E5983A36}"
EndProject
Global
	GlobalSection(SolutionConfigurationPlatforms) = preSolution
		Debug|x64 = Debug|x64
		Debug|x86 = Debug|x86
		Release|x64 = Release|x64
		Release|x86 = Release|x86
	EndGlobalSection
	GlobalSection(ProjectConfigurationPlatforms) = postSolution
		{5A71B5AA-082E-4E08-91FE-D59C81E5B12C}.Debug|x64.ActiveCfg = Debug|x64
		{5A71B5AA-082E-4E08-91FE-D59C81E5B12C}.Debug|x64.Build.0 = Debug|x64
		{5A71B5AA-082E-4E08-91FE-D59C81E5B12C}.Debug|x86.ActiveCfg = Debug|Win32
		{5A71B5AA-082E-4E08-91FE-D59C81E5B12C}.Debug|x86.Build.0 = Debug|Win32
		{5A71B5AA-082E-4E08-91FE-D59C81E5B12C}.Release|x64.ActiveCfg = Release|x64
		{5A71B5AA-082E-4E08-91FE-D59C81E5B12C}.Release|x64.Build.0 = Release|x64
		{5A71B5AA-082E-4E08-91FE-D59C81E5B12C}.Release|x86.ActiveCfg = Release|Win32
		{5A71B5AA-082E-4E08-91FE-D59C81E5B12C}.Release|x86.Build.0 = Release|Win32
		{542693F4-E59A-43FA-89BA-8D8269FB9031}.Debug|x64.ActiveCfg = Debug|x64
		{542693F4-E59A-43FA-89BA-8D8269FB9031}.Debug|x64.Build.0 = Debug|x64
		{542693F4-E59A-43FA-89BA-8D8269FB9031}.Debug|x86.ActiveCfg = Debug|Win32
		{542693F4-E59A-43FA-89BA-8D8269FB9031}.Debug|x86.Build.0 = Debug|Win32
		{542693F4-E59A-43FA-89BA-8D8269FB9031}.Release|x64.ActiveCfg = Release|x64
		{542693F4-E59A-43FA-89BA-8D8269FB9031}.Release|x64.Build.0 = Release|x64
		{542693F4-E59A-43FA-89BA-8D8269FB9031}.Release|x86.ActiveCfg = Release|Win32
		{542693F4-E59A-43FA-89BA-8D8269FB9031}.Release|x86.Build.0 = Release|Win32
		{DA907A28-8160-4F30-A043-AF3F3E2372FE}.Debug|x64.ActiveCfg = Debug|x64
		{DA907A28-8160-4F30-A043-AF3F3E2372FE}.Debug|x64.Build.0 = Debug|x64
		{DA907A28-8160-4F30-A043-AF3F3E2372FE}.Debug|x86.ActiveCfg = Debug|Win32
		{DA907A28-8160-4F30-A043-AF3F3E2372FE}.Debug|x86.Build.0 = Debug|Win32
		{DA907A28-8160-4F30-A043-AF3F3E2372FE}.Release|x64.ActiveCfg = Release|x64
		{DA907A28-8160-4F30-A043-AF3F3E2372FE}.Release|x64.Build.0 = Release|x64
		{DA907A28-8160-4F30-A043-AF3F3E2372FE}.Release|x86.ActiveCfg = Release|Win32
		{DA907A28-8160-4F30-A043-AF3F3E2372FE}.Release|x86.Build.0 = Release|Win32
		{DDBBFFA7-853C-49DB-AB06-43B65B5DD073}.Debug|x64.ActiveCfg = Debug|x64
		{DDBBFFA7-853C-49DB-AB06-43B65B5DD073}.Debug|x64.Build.0 = Debug|x64
		{DDBBFFA7-853C-49DB-AB06-43B65B5DD073}.Debug|x86.ActiveCfg = Debug|Win32
		{DDBBFFA7-853C-49DB-AB06-43B65B5DD073}.Debug|x86.Build.0 = Debug|Win32
		{DDBBFFA7-853C-49DB-AB06-43B65B5DD073}.Release|x64.ActiveCfg = Release|x64
		{DDBBFFA7-853C-49DB-AB06-43B65B5DD073}.Release|x64.Build.0 = Release|x64
		{DDBBFFA7-853C-49DB-AB06-43B65B5DD073}.Release|x86.ActiveCfg = Release|Win32
		{DDBBFFA7-853C-49DB-AB06-43B65B5DD073}.Release|x86.Build.0 = Release|Win32
		{7F084D43-E240-4D23-A584-5EA2B6D9E72E}.Debug|x64.ActiveCfg = Debug|x64
		{7F084D43-E240-4D23-A584-5EA2B6D9E72E}.Debug|x64.Build.0 = Debug|x64
		{7F084D43-E240-4D23-A584-5EA2B6D9E72E}.Debug|x86.ActiveCfg = Debug|Win32
		{7F084D43-E240-4D23-A584-5EA2B6D9E72E}.Debug|x86.Build.0 = Debug|Win32
		{7F084D43-E240-4D23-A584-5EA2B6D9E72E}.Release|x64.ActiveCfg = Release|x64
		{7F084D43-E240-4D23-A584-5EA2B6D9E72E}.Release|x64.Build.0 = Release|x64
		{7F084D43-E240-4D23-A584-5EA2B6D9E72E}.Release|x86.ActiveCfg = Release|Win32
		{7F084D43-E240-4D23-A584-5EA2B6D9E72E}.Release|x86.Build.0 = Release|Win32
		{58734AD6-4BF3-43B3-A896-5FE3E5983A36}.Debug|x64.ActiveCfg = Debug|x64
		{58734AD6-4BF3-43B3-A896-5FE3E5983A36}.Debug|x64.Build.0 = Debug|x64
		{58734AD6-4BF3-43B3-A896-5FE3E5983A36}.Debug|x86.ActiveCfg = Debug|Win32
		{58734AD6-4BF3-43B3-A896-5FE3E5983A36}.Debug|x86.Build.0 = Debug|Win32
		{58734AD6-4BF3-43B3-A896-5FE3E5983A36}.Release|x64.ActiveCfg = Release|x64
		{58734AD6-4BF3-43B3-A896-5FE3E5983A36}.Release|x64.Build.0 = Release|x64
		{58734AD6-4BF3-43B3-A896-5FE3E5983A36}.Release|x86.ActiveCfg = Release|Win32
		{58734AD6-4BF3-43B3-A896-5FE3E5983A36}.Release|x86.Build.0 = Release|Win32
	EndGlobalSection
	GlobalSection(SolutionProperties) = preSolution
		HideSolutionNode = FALSE
	EndGlobalSection
	GlobalSection(ExtensibilityGlobals) = postSolution
		SolutionGuid = {8D2B863C-8FBB-45EA-9FF5-3E81BD748344}
	EndGlobalSection
EndGlobal
